// !$*UTF8*$!
{
	archiveVersion = 1;
	classes = {
	};
	objectVersion = 50;
	objects = {

/* Begin PBXBuildFile section */
		390A6C3C246118D300234882 /* FileUtils.swift in Sources */ = {isa = PBXBuildFile; fileRef = 390A6C3B246118D300234882 /* FileUtils.swift */; };
		390BDA9F22AA0CE600E01411 /* AppDelegate.swift in Sources */ = {isa = PBXBuildFile; fileRef = 390BDA9E22AA0CE600E01411 /* AppDelegate.swift */; };
		390BDAA122AA0CE600E01411 /* MusicPlayerViewController.swift in Sources */ = {isa = PBXBuildFile; fileRef = 390BDAA022AA0CE600E01411 /* MusicPlayerViewController.swift */; };
		390BDAA422AA0CE600E01411 /* Main.storyboard in Resources */ = {isa = PBXBuildFile; fileRef = 390BDAA222AA0CE600E01411 /* Main.storyboard */; };
		390BDAA722AA0CE600E01411 /* LoopMusic.xcdatamodeld in Sources */ = {isa = PBXBuildFile; fileRef = 390BDAA522AA0CE600E01411 /* LoopMusic.xcdatamodeld */; };
		390BDAA922AA0CE700E01411 /* Assets.xcassets in Resources */ = {isa = PBXBuildFile; fileRef = 390BDAA822AA0CE700E01411 /* Assets.xcassets */; };
		390BDAAC22AA0CE700E01411 /* LaunchScreen.storyboard in Resources */ = {isa = PBXBuildFile; fileRef = 390BDAAA22AA0CE700E01411 /* LaunchScreen.storyboard */; };
		390BDAC222AA0CE700E01411 /* LoopMusicUITests.swift in Sources */ = {isa = PBXBuildFile; fileRef = 390BDAC122AA0CE700E01411 /* LoopMusicUITests.swift */; };
		390D732F24BA2D8600F05BE8 /* BaseLoopFinderContainerViewController.swift in Sources */ = {isa = PBXBuildFile; fileRef = 390D732E24BA2D8600F05BE8 /* BaseLoopFinderContainerViewController.swift */; };
		39191C2E22E6BCDB00C09D67 /* MessageError.swift in Sources */ = {isa = PBXBuildFile; fileRef = 39191C2D22E6BCDB00C09D67 /* MessageError.swift */; };
		39201CC5249335180079F314 /* LoopFinderViewController.swift in Sources */ = {isa = PBXBuildFile; fileRef = 39201CC4249335180079F314 /* LoopFinderViewController.swift */; };
		3924EB8E24908F9E0087DDA6 /* LoopScrubberContainer.swift in Sources */ = {isa = PBXBuildFile; fileRef = 3924EB8D24908F9E0087DDA6 /* LoopScrubberContainer.swift */; };
		3925EE29248495900020B94C /* LoopScrubber.swift in Sources */ = {isa = PBXBuildFile; fileRef = 3925EE28248495900020B94C /* LoopScrubber.swift */; };
		3928C38724553D560007A4FE /* MediaPlayerUtils.swift in Sources */ = {isa = PBXBuildFile; fileRef = 3928C38624553D560007A4FE /* MediaPlayerUtils.swift */; };
		393F1B502455283A005E1583 /* TrackListViewController.swift in Sources */ = {isa = PBXBuildFile; fileRef = 393F1B4F2455283A005E1583 /* TrackListViewController.swift */; };
		394269C6249B1B25001C4B8F /* TrackSettingsViewController.swift in Sources */ = {isa = PBXBuildFile; fileRef = 394269C5249B1B25001C4B8F /* TrackSettingsViewController.swift */; };
		395D897B24738A7100B9FD1C /* BaseSettingViewGeneric.swift in Sources */ = {isa = PBXBuildFile; fileRef = 395D897A24738A7100B9FD1C /* BaseSettingViewGeneric.swift */; };
		395D897D24738AAA00B9FD1C /* DoubleSliderSettingView.swift in Sources */ = {isa = PBXBuildFile; fileRef = 395D897C24738AAA00B9FD1C /* DoubleSliderSettingView.swift */; };
		3972084F249F02DF001494C7 /* LoopFinderTestingViewController.swift in Sources */ = {isa = PBXBuildFile; fileRef = 3972084E249F02DF001494C7 /* LoopFinderTestingViewController.swift */; };
		3973B5CF24BA3C8200883011 /* LoopDuration.swift in Sources */ = {isa = PBXBuildFile; fileRef = 3973B5CE24BA3C8200883011 /* LoopDuration.swift */; };
		3973B5D324BA3F4B00883011 /* LoopEndpoints.swift in Sources */ = {isa = PBXBuildFile; fileRef = 3973B5D224BA3F4B00883011 /* LoopEndpoints.swift */; };
		3973B5D524BA5FAF00883011 /* LoopFinder.swift in Sources */ = {isa = PBXBuildFile; fileRef = 3973B5D424BA5FAF00883011 /* LoopFinder.swift */; };
		3973B5E224BA91FB00883011 /* LoopFinderAuto+differencing.m in Sources */ = {isa = PBXBuildFile; fileRef = 3973B5D624BA91FA00883011 /* LoopFinderAuto+differencing.m */; };
		3973B5E324BA91FB00883011 /* LoopFinderAuto+fadeDetection.m in Sources */ = {isa = PBXBuildFile; fileRef = 3973B5DB24BA91FA00883011 /* LoopFinderAuto+fadeDetection.m */; };
		3973B5E424BA91FB00883011 /* LoopFinderAuto+synthesis.m in Sources */ = {isa = PBXBuildFile; fileRef = 3973B5DC24BA91FA00883011 /* LoopFinderAuto+synthesis.m */; };
		3973B5E524BA91FB00883011 /* LoopFinderAuto+analysis.m in Sources */ = {isa = PBXBuildFile; fileRef = 3973B5DD24BA91FB00883011 /* LoopFinderAuto+analysis.m */; };
		3973B5E624BA91FB00883011 /* LoopFinderAuto.m in Sources */ = {isa = PBXBuildFile; fileRef = 3973B5DF24BA91FB00883011 /* LoopFinderAuto.m */; };
		3973B5E724BA91FB00883011 /* LoopFinderAuto+spectra.m in Sources */ = {isa = PBXBuildFile; fileRef = 3973B5E024BA91FB00883011 /* LoopFinderAuto+spectra.m */; };
		3973B5ED24BA95DF00883011 /* AudioType.swift in Sources */ = {isa = PBXBuildFile; fileRef = 3973B5EC24BA95DF00883011 /* AudioType.swift */; };
		3973B5F224BAABF300883011 /* IntSettingView.swift in Sources */ = {isa = PBXBuildFile; fileRef = 3973B5F124BAABF300883011 /* IntSettingView.swift */; };
		3973B5F424BAB00F00883011 /* DoubleTextFieldSettingView.swift in Sources */ = {isa = PBXBuildFile; fileRef = 3973B5F324BAB00F00883011 /* DoubleTextFieldSettingView.swift */; };
		3973B5F624BAB04100883011 /* NumberUtils.swift in Sources */ = {isa = PBXBuildFile; fileRef = 3973B5F524BAB04100883011 /* NumberUtils.swift */; };
		3977EA8A24BB96BF0035FF0E /* LoopFinderOuterViewController.swift in Sources */ = {isa = PBXBuildFile; fileRef = 3977EA8924BB96BF0035FF0E /* LoopFinderOuterViewController.swift */; };
		3979377722ACA6BA00C5DB09 /* MusicPlayer.swift in Sources */ = {isa = PBXBuildFile; fileRef = 3979377622ACA6BA00C5DB09 /* MusicPlayer.swift */; };
		3979377922ACAA9A00C5DB09 /* MusicTrack.swift in Sources */ = {isa = PBXBuildFile; fileRef = 3979377822ACAA9A00C5DB09 /* MusicTrack.swift */; };
		39812B712478D07A002AFBCA /* BaseSettingView.swift in Sources */ = {isa = PBXBuildFile; fileRef = 39812B702478D07A002AFBCA /* BaseSettingView.swift */; };
		39812B732478D1F3002AFBCA /* ShuffleSettingView.swift in Sources */ = {isa = PBXBuildFile; fileRef = 39812B722478D1F3002AFBCA /* ShuffleSettingView.swift */; };
		39812B752478D5BF002AFBCA /* BooleanSettingView.swift in Sources */ = {isa = PBXBuildFile; fileRef = 39812B742478D5BF002AFBCA /* BooleanSettingView.swift */; };
		398666BE24514030008AC748 /* MusicSettingsTests.swift in Sources */ = {isa = PBXBuildFile; fileRef = 398666BD24514030008AC748 /* MusicSettingsTests.swift */; };
		398666C024514367008AC748 /* ShuffleSetting.swift in Sources */ = {isa = PBXBuildFile; fileRef = 398666BF24514366008AC748 /* ShuffleSetting.swift */; };
		398666C224514527008AC748 /* TestUtils.swift in Sources */ = {isa = PBXBuildFile; fileRef = 398666C124514527008AC748 /* TestUtils.swift */; };
		39A6B5AE248353F0001A2B0B /* LoopFinderInitialEstimateSettingsViewController.swift in Sources */ = {isa = PBXBuildFile; fileRef = 39A6B5AD248353F0001A2B0B /* LoopFinderInitialEstimateSettingsViewController.swift */; };
		39A6B5B02483541E001A2B0B /* LoopFinderInternalSettingsViewController.swift in Sources */ = {isa = PBXBuildFile; fileRef = 39A6B5AF2483541E001A2B0B /* LoopFinderInternalSettingsViewController.swift */; };
		39A6B5B22483543B001A2B0B /* LoopFinderPerformanceSettingsViewController.swift in Sources */ = {isa = PBXBuildFile; fileRef = 39A6B5B12483543B001A2B0B /* LoopFinderPerformanceSettingsViewController.swift */; };
		39A6B5B424835452001A2B0B /* LoopFinderOutputSettingsViewController.swift in Sources */ = {isa = PBXBuildFile; fileRef = 39A6B5B324835452001A2B0B /* LoopFinderOutputSettingsViewController.swift */; };
		39A8D8FC246262FD00652E70 /* MusicSettingsCodable.swift in Sources */ = {isa = PBXBuildFile; fileRef = 39A8D8FB246262FD00652E70 /* MusicSettingsCodable.swift */; };
		39A8D8FE24626DC600652E70 /* AlertUtils.swift in Sources */ = {isa = PBXBuildFile; fileRef = 39A8D8FD24626DC600652E70 /* AlertUtils.swift */; };
		39B098CB2468DD6600526910 /* BaseListViewController.swift in Sources */ = {isa = PBXBuildFile; fileRef = 39B098CA2468DD6600526910 /* BaseListViewController.swift */; };
		39B098CF2468F4F800526910 /* SettingsHomeViewController.swift in Sources */ = {isa = PBXBuildFile; fileRef = 39B098CE2468F4F800526910 /* SettingsHomeViewController.swift */; };
		39B098D12468F54000526910 /* GeneralSettingsViewController.swift in Sources */ = {isa = PBXBuildFile; fileRef = 39B098D02468F54000526910 /* GeneralSettingsViewController.swift */; };
		39B098D32468F64600526910 /* BaseSettingsSectionViewController.swift in Sources */ = {isa = PBXBuildFile; fileRef = 39B098D22468F64600526910 /* BaseSettingsSectionViewController.swift */; };
		39B5B31F23B97A1C0091D2E1 /* Notifications.swift in Sources */ = {isa = PBXBuildFile; fileRef = 39B5B31E23B97A1C0091D2E1 /* Notifications.swift */; };
		39BF34C8245FB9D50063AEF1 /* TestMPMediaItem.swift in Sources */ = {isa = PBXBuildFile; fileRef = 39BF34C7245FB9D50063AEF1 /* TestMPMediaItem.swift */; };
		39BF34CA245FBA920063AEF1 /* AllTracksPlaylist.swift in Sources */ = {isa = PBXBuildFile; fileRef = 39BF34C9245FBA920063AEF1 /* AllTracksPlaylist.swift */; };
		39C03A69235BFB34004BD0DA /* MusicData.swift in Sources */ = {isa = PBXBuildFile; fileRef = 39C03A68235BFB34004BD0DA /* MusicData.swift */; };
		39C4651E24440AC3002CBBB8 /* MusicSettings.swift in Sources */ = {isa = PBXBuildFile; fileRef = 39C4651D24440AC3002CBBB8 /* MusicSettings.swift */; };
		39C4C89B246CF43900994D1C /* ShuffleSettingsViewController.swift in Sources */ = {isa = PBXBuildFile; fileRef = 39C4C89A246CF43900994D1C /* ShuffleSettingsViewController.swift */; };
		39CE78BB24B96FE1004130BC /* LoopDurationViewController.swift in Sources */ = {isa = PBXBuildFile; fileRef = 39CE78BA24B96FE1004130BC /* LoopDurationViewController.swift */; };
		39CE78BD24B97017004130BC /* LoopEndpointsViewController.swift in Sources */ = {isa = PBXBuildFile; fileRef = 39CE78BC24B97017004130BC /* LoopEndpointsViewController.swift */; };
		39D198E32376669B00680EE3 /* MusicDataTests.swift in Sources */ = {isa = PBXBuildFile; fileRef = 39D198E22376669B00680EE3 /* MusicDataTests.swift */; };
		39DCDA402480B9880049353D /* LoopFinderSettingsViewController.swift in Sources */ = {isa = PBXBuildFile; fileRef = 39DCDA3F2480B9880049353D /* LoopFinderSettingsViewController.swift */; };
		39DCDA422480BBBE0049353D /* TimeShuffleSettingsViewController.swift in Sources */ = {isa = PBXBuildFile; fileRef = 39DCDA412480BBBE0049353D /* TimeShuffleSettingsViewController.swift */; };
		39DCDA442480BE050049353D /* RepeatsShuffleSettingsViewController.swift in Sources */ = {isa = PBXBuildFile; fileRef = 39DCDA432480BE050049353D /* RepeatsShuffleSettingsViewController.swift */; };
		39DFF48024B80135003D8E7B /* Unloadable.swift in Sources */ = {isa = PBXBuildFile; fileRef = 39DFF47F24B80135003D8E7B /* Unloadable.swift */; };
		39E2CC3923AF12A4001FE0BF /* DataMigrator.swift in Sources */ = {isa = PBXBuildFile; fileRef = 39E2CC3823AF12A4001FE0BF /* DataMigrator.swift */; };
		39EB89B6247A25D8002E0901 /* DoubleTextFieldOptionalSettingView.swift in Sources */ = {isa = PBXBuildFile; fileRef = 39EB89B5247A25D8002E0901 /* DoubleTextFieldOptionalSettingView.swift */; };
		39EC8AE2245A6E0F00D5240D /* PlaylistListViewController.swift in Sources */ = {isa = PBXBuildFile; fileRef = 39EC8AE1245A6E0F00D5240D /* PlaylistListViewController.swift */; };
		39F1799A22DBCD4800D3CDFF /* AudioEngine.c in Sources */ = {isa = PBXBuildFile; fileRef = 39F1799922DBCD4800D3CDFF /* AudioEngine.c */; };
		92252D1524C025F80033A854 /* fa-solid-900.ttf in Resources */ = {isa = PBXBuildFile; fileRef = 92252D1424C025F80033A854 /* fa-solid-900.ttf */; };
		9252279C24C419DC00E25C15 /* FontUtils.swift in Sources */ = {isa = PBXBuildFile; fileRef = 9252279B24C419DC00E25C15 /* FontUtils.swift */; };
		92561C1124BFC5B200AA807E /* IntOptionalSettingView.swift in Sources */ = {isa = PBXBuildFile; fileRef = 92561C1024BFC5B200AA807E /* IntOptionalSettingView.swift */; };
		926988D524C223D300E4816C /* ColorBackedButton.swift in Sources */ = {isa = PBXBuildFile; fileRef = 926988D424C223D300E4816C /* ColorBackedButton.swift */; };
		926988D724C248CB00E4816C /* UIButtonBottomFix.swift in Sources */ = {isa = PBXBuildFile; fileRef = 926988D624C248CB00E4816C /* UIButtonBottomFix.swift */; };
		926A2CAC24BFD0A90069D2BC /* NonnegativeIntOptionalSettingView.swift in Sources */ = {isa = PBXBuildFile; fileRef = 926A2CAB24BFD0A90069D2BC /* NonnegativeIntOptionalSettingView.swift */; };
		92A0B04324C687590017FFEF /* AudioUtils.c in Sources */ = {isa = PBXBuildFile; fileRef = 92A0B04224C687590017FFEF /* AudioUtils.c */; };
/* End PBXBuildFile section */

/* Begin PBXContainerItemProxy section */
		390BDAB322AA0CE700E01411 /* PBXContainerItemProxy */ = {
			isa = PBXContainerItemProxy;
			containerPortal = 390BDA9322AA0CE600E01411 /* Project object */;
			proxyType = 1;
			remoteGlobalIDString = 390BDA9A22AA0CE600E01411;
			remoteInfo = LoopMusic;
		};
		390BDABE22AA0CE700E01411 /* PBXContainerItemProxy */ = {
			isa = PBXContainerItemProxy;
			containerPortal = 390BDA9322AA0CE600E01411 /* Project object */;
			proxyType = 1;
			remoteGlobalIDString = 390BDA9A22AA0CE600E01411;
			remoteInfo = LoopMusic;
		};
/* End PBXContainerItemProxy section */

/* Begin PBXFileReference section */
		3906880922C1D27400CE5292 /* LoopMusic-Bridging-Header.h */ = {isa = PBXFileReference; lastKnownFileType = sourcecode.c.h; path = "LoopMusic-Bridging-Header.h"; sourceTree = "<group>"; };
		3906880C22C1D28C00CE5292 /* AudioEngine.h */ = {isa = PBXFileReference; lastKnownFileType = sourcecode.c.h; path = AudioEngine.h; sourceTree = "<group>"; };
		390A6C3B246118D300234882 /* FileUtils.swift */ = {isa = PBXFileReference; lastKnownFileType = sourcecode.swift; path = FileUtils.swift; sourceTree = "<group>"; };
		390BDA9B22AA0CE600E01411 /* LoopMusic.app */ = {isa = PBXFileReference; explicitFileType = wrapper.application; includeInIndex = 0; path = LoopMusic.app; sourceTree = BUILT_PRODUCTS_DIR; };
		390BDA9E22AA0CE600E01411 /* AppDelegate.swift */ = {isa = PBXFileReference; lastKnownFileType = sourcecode.swift; path = AppDelegate.swift; sourceTree = "<group>"; };
		390BDAA022AA0CE600E01411 /* MusicPlayerViewController.swift */ = {isa = PBXFileReference; lastKnownFileType = sourcecode.swift; path = MusicPlayerViewController.swift; sourceTree = "<group>"; };
		390BDAA322AA0CE600E01411 /* Base */ = {isa = PBXFileReference; lastKnownFileType = file.storyboard; name = Base; path = Base.lproj/Main.storyboard; sourceTree = "<group>"; };
		390BDAA622AA0CE600E01411 /* LoopMusic.xcdatamodel */ = {isa = PBXFileReference; lastKnownFileType = wrapper.xcdatamodel; path = LoopMusic.xcdatamodel; sourceTree = "<group>"; };
		390BDAA822AA0CE700E01411 /* Assets.xcassets */ = {isa = PBXFileReference; lastKnownFileType = folder.assetcatalog; path = Assets.xcassets; sourceTree = "<group>"; };
		390BDAAB22AA0CE700E01411 /* Base */ = {isa = PBXFileReference; lastKnownFileType = file.storyboard; name = Base; path = Base.lproj/LaunchScreen.storyboard; sourceTree = "<group>"; };
		390BDAAD22AA0CE700E01411 /* Info.plist */ = {isa = PBXFileReference; lastKnownFileType = text.plist.xml; path = Info.plist; sourceTree = "<group>"; };
		390BDAB222AA0CE700E01411 /* LoopMusicTests.xctest */ = {isa = PBXFileReference; explicitFileType = wrapper.cfbundle; includeInIndex = 0; path = LoopMusicTests.xctest; sourceTree = BUILT_PRODUCTS_DIR; };
		390BDAB822AA0CE700E01411 /* Info.plist */ = {isa = PBXFileReference; lastKnownFileType = text.plist.xml; path = Info.plist; sourceTree = "<group>"; };
		390BDABD22AA0CE700E01411 /* LoopMusicUITests.xctest */ = {isa = PBXFileReference; explicitFileType = wrapper.cfbundle; includeInIndex = 0; path = LoopMusicUITests.xctest; sourceTree = BUILT_PRODUCTS_DIR; };
		390BDAC122AA0CE700E01411 /* LoopMusicUITests.swift */ = {isa = PBXFileReference; lastKnownFileType = sourcecode.swift; path = LoopMusicUITests.swift; sourceTree = "<group>"; };
		390BDAC322AA0CE700E01411 /* Info.plist */ = {isa = PBXFileReference; lastKnownFileType = text.plist.xml; path = Info.plist; sourceTree = "<group>"; };
		390D732E24BA2D8600F05BE8 /* BaseLoopFinderContainerViewController.swift */ = {isa = PBXFileReference; lastKnownFileType = sourcecode.swift; path = BaseLoopFinderContainerViewController.swift; sourceTree = "<group>"; };
		39191C2D22E6BCDB00C09D67 /* MessageError.swift */ = {isa = PBXFileReference; lastKnownFileType = sourcecode.swift; path = MessageError.swift; sourceTree = "<group>"; };
		39201CC4249335180079F314 /* LoopFinderViewController.swift */ = {isa = PBXFileReference; lastKnownFileType = sourcecode.swift; path = LoopFinderViewController.swift; sourceTree = "<group>"; };
		3924EB8D24908F9E0087DDA6 /* LoopScrubberContainer.swift */ = {isa = PBXFileReference; lastKnownFileType = sourcecode.swift; path = LoopScrubberContainer.swift; sourceTree = "<group>"; };
		3925EE28248495900020B94C /* LoopScrubber.swift */ = {isa = PBXFileReference; lastKnownFileType = sourcecode.swift; path = LoopScrubber.swift; sourceTree = "<group>"; };
		3928C38624553D560007A4FE /* MediaPlayerUtils.swift */ = {isa = PBXFileReference; lastKnownFileType = sourcecode.swift; path = MediaPlayerUtils.swift; sourceTree = "<group>"; };
		393F1B4F2455283A005E1583 /* TrackListViewController.swift */ = {isa = PBXFileReference; lastKnownFileType = sourcecode.swift; path = TrackListViewController.swift; sourceTree = "<group>"; };
		394269C5249B1B25001C4B8F /* TrackSettingsViewController.swift */ = {isa = PBXFileReference; lastKnownFileType = sourcecode.swift; path = TrackSettingsViewController.swift; sourceTree = "<group>"; };
		395D897A24738A7100B9FD1C /* BaseSettingViewGeneric.swift */ = {isa = PBXFileReference; lastKnownFileType = sourcecode.swift; path = BaseSettingViewGeneric.swift; sourceTree = "<group>"; };
		395D897C24738AAA00B9FD1C /* DoubleSliderSettingView.swift */ = {isa = PBXFileReference; lastKnownFileType = sourcecode.swift; path = DoubleSliderSettingView.swift; sourceTree = "<group>"; };
		3972084E249F02DF001494C7 /* LoopFinderTestingViewController.swift */ = {isa = PBXFileReference; lastKnownFileType = sourcecode.swift; path = LoopFinderTestingViewController.swift; sourceTree = "<group>"; };
		3973B5CE24BA3C8200883011 /* LoopDuration.swift */ = {isa = PBXFileReference; lastKnownFileType = sourcecode.swift; path = LoopDuration.swift; sourceTree = "<group>"; };
		3973B5D224BA3F4B00883011 /* LoopEndpoints.swift */ = {isa = PBXFileReference; lastKnownFileType = sourcecode.swift; path = LoopEndpoints.swift; sourceTree = "<group>"; };
		3973B5D424BA5FAF00883011 /* LoopFinder.swift */ = {isa = PBXFileReference; lastKnownFileType = sourcecode.swift; path = LoopFinder.swift; sourceTree = "<group>"; };
		3973B5D624BA91FA00883011 /* LoopFinderAuto+differencing.m */ = {isa = PBXFileReference; fileEncoding = 4; lastKnownFileType = sourcecode.c.objc; path = "LoopFinderAuto+differencing.m"; sourceTree = "<group>"; };
		3973B5D724BA91FA00883011 /* LoopFinderAuto+differencing.h */ = {isa = PBXFileReference; fileEncoding = 4; lastKnownFileType = sourcecode.c.h; path = "LoopFinderAuto+differencing.h"; sourceTree = "<group>"; };
		3973B5D824BA91FA00883011 /* LoopFinderAuto+synthesis.h */ = {isa = PBXFileReference; fileEncoding = 4; lastKnownFileType = sourcecode.c.h; path = "LoopFinderAuto+synthesis.h"; sourceTree = "<group>"; };
		3973B5D924BA91FA00883011 /* LoopFinderAuto+fadeDetection.h */ = {isa = PBXFileReference; fileEncoding = 4; lastKnownFileType = sourcecode.c.h; path = "LoopFinderAuto+fadeDetection.h"; sourceTree = "<group>"; };
		3973B5DA24BA91FA00883011 /* LoopFinderAuto.h */ = {isa = PBXFileReference; fileEncoding = 4; lastKnownFileType = sourcecode.c.h; path = LoopFinderAuto.h; sourceTree = "<group>"; };
		3973B5DB24BA91FA00883011 /* LoopFinderAuto+fadeDetection.m */ = {isa = PBXFileReference; fileEncoding = 4; lastKnownFileType = sourcecode.c.objc; path = "LoopFinderAuto+fadeDetection.m"; sourceTree = "<group>"; };
		3973B5DC24BA91FA00883011 /* LoopFinderAuto+synthesis.m */ = {isa = PBXFileReference; fileEncoding = 4; lastKnownFileType = sourcecode.c.objc; path = "LoopFinderAuto+synthesis.m"; sourceTree = "<group>"; };
		3973B5DD24BA91FB00883011 /* LoopFinderAuto+analysis.m */ = {isa = PBXFileReference; fileEncoding = 4; lastKnownFileType = sourcecode.c.objc; path = "LoopFinderAuto+analysis.m"; sourceTree = "<group>"; };
		3973B5DE24BA91FB00883011 /* LoopFinderAuto+spectra.h */ = {isa = PBXFileReference; fileEncoding = 4; lastKnownFileType = sourcecode.c.h; path = "LoopFinderAuto+spectra.h"; sourceTree = "<group>"; };
		3973B5DF24BA91FB00883011 /* LoopFinderAuto.m */ = {isa = PBXFileReference; fileEncoding = 4; lastKnownFileType = sourcecode.c.objc; path = LoopFinderAuto.m; sourceTree = "<group>"; };
		3973B5E024BA91FB00883011 /* LoopFinderAuto+spectra.m */ = {isa = PBXFileReference; fileEncoding = 4; lastKnownFileType = sourcecode.c.objc; path = "LoopFinderAuto+spectra.m"; sourceTree = "<group>"; };
		3973B5E124BA91FB00883011 /* LoopFinderAuto+analysis.h */ = {isa = PBXFileReference; fileEncoding = 4; lastKnownFileType = sourcecode.c.h; path = "LoopFinderAuto+analysis.h"; sourceTree = "<group>"; };
		3973B5EC24BA95DF00883011 /* AudioType.swift */ = {isa = PBXFileReference; lastKnownFileType = sourcecode.swift; path = AudioType.swift; sourceTree = "<group>"; };
		3973B5F124BAABF300883011 /* IntSettingView.swift */ = {isa = PBXFileReference; lastKnownFileType = sourcecode.swift; path = IntSettingView.swift; sourceTree = "<group>"; };
		3973B5F324BAB00F00883011 /* DoubleTextFieldSettingView.swift */ = {isa = PBXFileReference; lastKnownFileType = sourcecode.swift; path = DoubleTextFieldSettingView.swift; sourceTree = "<group>"; };
		3973B5F524BAB04100883011 /* NumberUtils.swift */ = {isa = PBXFileReference; lastKnownFileType = sourcecode.swift; path = NumberUtils.swift; sourceTree = "<group>"; };
		3977EA8924BB96BF0035FF0E /* LoopFinderOuterViewController.swift */ = {isa = PBXFileReference; lastKnownFileType = sourcecode.swift; path = LoopFinderOuterViewController.swift; sourceTree = "<group>"; };
		3979377622ACA6BA00C5DB09 /* MusicPlayer.swift */ = {isa = PBXFileReference; lastKnownFileType = sourcecode.swift; path = MusicPlayer.swift; sourceTree = "<group>"; };
		3979377822ACAA9A00C5DB09 /* MusicTrack.swift */ = {isa = PBXFileReference; lastKnownFileType = sourcecode.swift; path = MusicTrack.swift; sourceTree = "<group>"; };
		39812B702478D07A002AFBCA /* BaseSettingView.swift */ = {isa = PBXFileReference; lastKnownFileType = sourcecode.swift; path = BaseSettingView.swift; sourceTree = "<group>"; };
		39812B722478D1F3002AFBCA /* ShuffleSettingView.swift */ = {isa = PBXFileReference; lastKnownFileType = sourcecode.swift; path = ShuffleSettingView.swift; sourceTree = "<group>"; };
		39812B742478D5BF002AFBCA /* BooleanSettingView.swift */ = {isa = PBXFileReference; lastKnownFileType = sourcecode.swift; path = BooleanSettingView.swift; sourceTree = "<group>"; };
		398666BD24514030008AC748 /* MusicSettingsTests.swift */ = {isa = PBXFileReference; lastKnownFileType = sourcecode.swift; path = MusicSettingsTests.swift; sourceTree = "<group>"; };
		398666BF24514366008AC748 /* ShuffleSetting.swift */ = {isa = PBXFileReference; lastKnownFileType = sourcecode.swift; path = ShuffleSetting.swift; sourceTree = "<group>"; };
		398666C124514527008AC748 /* TestUtils.swift */ = {isa = PBXFileReference; lastKnownFileType = sourcecode.swift; path = TestUtils.swift; sourceTree = "<group>"; };
		39A6B5AD248353F0001A2B0B /* LoopFinderInitialEstimateSettingsViewController.swift */ = {isa = PBXFileReference; lastKnownFileType = sourcecode.swift; path = LoopFinderInitialEstimateSettingsViewController.swift; sourceTree = "<group>"; };
		39A6B5AF2483541E001A2B0B /* LoopFinderInternalSettingsViewController.swift */ = {isa = PBXFileReference; lastKnownFileType = sourcecode.swift; path = LoopFinderInternalSettingsViewController.swift; sourceTree = "<group>"; };
		39A6B5B12483543B001A2B0B /* LoopFinderPerformanceSettingsViewController.swift */ = {isa = PBXFileReference; lastKnownFileType = sourcecode.swift; path = LoopFinderPerformanceSettingsViewController.swift; sourceTree = "<group>"; };
		39A6B5B324835452001A2B0B /* LoopFinderOutputSettingsViewController.swift */ = {isa = PBXFileReference; lastKnownFileType = sourcecode.swift; path = LoopFinderOutputSettingsViewController.swift; sourceTree = "<group>"; };
		39A8D8FB246262FD00652E70 /* MusicSettingsCodable.swift */ = {isa = PBXFileReference; lastKnownFileType = sourcecode.swift; path = MusicSettingsCodable.swift; sourceTree = "<group>"; };
		39A8D8FD24626DC600652E70 /* AlertUtils.swift */ = {isa = PBXFileReference; lastKnownFileType = sourcecode.swift; path = AlertUtils.swift; sourceTree = "<group>"; };
		39B098CA2468DD6600526910 /* BaseListViewController.swift */ = {isa = PBXFileReference; lastKnownFileType = sourcecode.swift; path = BaseListViewController.swift; sourceTree = "<group>"; };
		39B098CE2468F4F800526910 /* SettingsHomeViewController.swift */ = {isa = PBXFileReference; lastKnownFileType = sourcecode.swift; path = SettingsHomeViewController.swift; sourceTree = "<group>"; };
		39B098D02468F54000526910 /* GeneralSettingsViewController.swift */ = {isa = PBXFileReference; lastKnownFileType = sourcecode.swift; path = GeneralSettingsViewController.swift; sourceTree = "<group>"; };
		39B098D22468F64600526910 /* BaseSettingsSectionViewController.swift */ = {isa = PBXFileReference; lastKnownFileType = sourcecode.swift; path = BaseSettingsSectionViewController.swift; sourceTree = "<group>"; };
		39B5B31E23B97A1C0091D2E1 /* Notifications.swift */ = {isa = PBXFileReference; lastKnownFileType = sourcecode.swift; path = Notifications.swift; sourceTree = "<group>"; };
		39BF34C7245FB9D50063AEF1 /* TestMPMediaItem.swift */ = {isa = PBXFileReference; lastKnownFileType = sourcecode.swift; path = TestMPMediaItem.swift; sourceTree = "<group>"; };
		39BF34C9245FBA920063AEF1 /* AllTracksPlaylist.swift */ = {isa = PBXFileReference; lastKnownFileType = sourcecode.swift; path = AllTracksPlaylist.swift; sourceTree = "<group>"; };
		39C03A68235BFB34004BD0DA /* MusicData.swift */ = {isa = PBXFileReference; lastKnownFileType = sourcecode.swift; path = MusicData.swift; sourceTree = "<group>"; };
		39C4651D24440AC3002CBBB8 /* MusicSettings.swift */ = {isa = PBXFileReference; lastKnownFileType = sourcecode.swift; path = MusicSettings.swift; sourceTree = "<group>"; };
		39C4C89A246CF43900994D1C /* ShuffleSettingsViewController.swift */ = {isa = PBXFileReference; lastKnownFileType = sourcecode.swift; path = ShuffleSettingsViewController.swift; sourceTree = "<group>"; };
		39CE78BA24B96FE1004130BC /* LoopDurationViewController.swift */ = {isa = PBXFileReference; lastKnownFileType = sourcecode.swift; path = LoopDurationViewController.swift; sourceTree = "<group>"; };
		39CE78BC24B97017004130BC /* LoopEndpointsViewController.swift */ = {isa = PBXFileReference; lastKnownFileType = sourcecode.swift; path = LoopEndpointsViewController.swift; sourceTree = "<group>"; };
		39D198E22376669B00680EE3 /* MusicDataTests.swift */ = {isa = PBXFileReference; lastKnownFileType = sourcecode.swift; path = MusicDataTests.swift; sourceTree = "<group>"; };
		39DCDA3F2480B9880049353D /* LoopFinderSettingsViewController.swift */ = {isa = PBXFileReference; lastKnownFileType = sourcecode.swift; path = LoopFinderSettingsViewController.swift; sourceTree = "<group>"; };
		39DCDA412480BBBE0049353D /* TimeShuffleSettingsViewController.swift */ = {isa = PBXFileReference; lastKnownFileType = sourcecode.swift; path = TimeShuffleSettingsViewController.swift; sourceTree = "<group>"; };
		39DCDA432480BE050049353D /* RepeatsShuffleSettingsViewController.swift */ = {isa = PBXFileReference; lastKnownFileType = sourcecode.swift; path = RepeatsShuffleSettingsViewController.swift; sourceTree = "<group>"; };
		39DFF47F24B80135003D8E7B /* Unloadable.swift */ = {isa = PBXFileReference; lastKnownFileType = sourcecode.swift; path = Unloadable.swift; sourceTree = "<group>"; };
		39E2CC3823AF12A4001FE0BF /* DataMigrator.swift */ = {isa = PBXFileReference; lastKnownFileType = sourcecode.swift; path = DataMigrator.swift; sourceTree = "<group>"; };
		39EB89B5247A25D8002E0901 /* DoubleTextFieldOptionalSettingView.swift */ = {isa = PBXFileReference; lastKnownFileType = sourcecode.swift; path = DoubleTextFieldOptionalSettingView.swift; sourceTree = "<group>"; };
		39EC8AE1245A6E0F00D5240D /* PlaylistListViewController.swift */ = {isa = PBXFileReference; lastKnownFileType = sourcecode.swift; path = PlaylistListViewController.swift; sourceTree = "<group>"; };
		39F1799922DBCD4800D3CDFF /* AudioEngine.c */ = {isa = PBXFileReference; lastKnownFileType = sourcecode.c.c; path = AudioEngine.c; sourceTree = "<group>"; };
		92252D1424C025F80033A854 /* fa-solid-900.ttf */ = {isa = PBXFileReference; lastKnownFileType = file; path = "fa-solid-900.ttf"; sourceTree = "<group>"; };
		9252279B24C419DC00E25C15 /* FontUtils.swift */ = {isa = PBXFileReference; lastKnownFileType = sourcecode.swift; path = FontUtils.swift; sourceTree = "<group>"; };
		92561C1024BFC5B200AA807E /* IntOptionalSettingView.swift */ = {isa = PBXFileReference; lastKnownFileType = sourcecode.swift; path = IntOptionalSettingView.swift; sourceTree = "<group>"; };
		926988D424C223D300E4816C /* ColorBackedButton.swift */ = {isa = PBXFileReference; lastKnownFileType = sourcecode.swift; path = ColorBackedButton.swift; sourceTree = "<group>"; };
		926988D624C248CB00E4816C /* UIButtonBottomFix.swift */ = {isa = PBXFileReference; lastKnownFileType = sourcecode.swift; path = UIButtonBottomFix.swift; sourceTree = "<group>"; };
		926A2CAB24BFD0A90069D2BC /* NonnegativeIntOptionalSettingView.swift */ = {isa = PBXFileReference; lastKnownFileType = sourcecode.swift; path = NonnegativeIntOptionalSettingView.swift; sourceTree = "<group>"; };
		92A0B04124C687590017FFEF /* AudioUtils.h */ = {isa = PBXFileReference; lastKnownFileType = sourcecode.c.h; path = AudioUtils.h; sourceTree = "<group>"; };
		92A0B04224C687590017FFEF /* AudioUtils.c */ = {isa = PBXFileReference; lastKnownFileType = sourcecode.c.c; path = AudioUtils.c; sourceTree = "<group>"; };
/* End PBXFileReference section */

/* Begin PBXFrameworksBuildPhase section */
		390BDA9822AA0CE600E01411 /* Frameworks */ = {
			isa = PBXFrameworksBuildPhase;
			buildActionMask = 2147483647;
			files = (
			);
			runOnlyForDeploymentPostprocessing = 0;
		};
		390BDAAF22AA0CE700E01411 /* Frameworks */ = {
			isa = PBXFrameworksBuildPhase;
			buildActionMask = 2147483647;
			files = (
			);
			runOnlyForDeploymentPostprocessing = 0;
		};
		390BDABA22AA0CE700E01411 /* Frameworks */ = {
			isa = PBXFrameworksBuildPhase;
			buildActionMask = 2147483647;
			files = (
			);
			runOnlyForDeploymentPostprocessing = 0;
		};
/* End PBXFrameworksBuildPhase section */

/* Begin PBXGroup section */
		390A6C3D246118EE00234882 /* ViewControllers */ = {
			isa = PBXGroup;
			children = (
				39CE78B924B96F7F004130BC /* LoopFinder */,
				395D897E24738ABC00B9FD1C /* Settings */,
				926988D324C2238D00E4816C /* UIElements */,
				39B098CA2468DD6600526910 /* BaseListViewController.swift */,
				390BDAA022AA0CE600E01411 /* MusicPlayerViewController.swift */,
				39EC8AE1245A6E0F00D5240D /* PlaylistListViewController.swift */,
				393F1B4F2455283A005E1583 /* TrackListViewController.swift */,
			);
			path = ViewControllers;
			sourceTree = "<group>";
		};
		390A6C3E2461190800234882 /* Utils */ = {
			isa = PBXGroup;
			children = (
				39A8D8FD24626DC600652E70 /* AlertUtils.swift */,
				92A0B04224C687590017FFEF /* AudioUtils.c */,
				92A0B04124C687590017FFEF /* AudioUtils.h */,
				390A6C3B246118D300234882 /* FileUtils.swift */,
				9252279B24C419DC00E25C15 /* FontUtils.swift */,
				3928C38624553D560007A4FE /* MediaPlayerUtils.swift */,
				39191C2D22E6BCDB00C09D67 /* MessageError.swift */,
				39B5B31E23B97A1C0091D2E1 /* Notifications.swift */,
				3973B5F524BAB04100883011 /* NumberUtils.swift */,
				39DFF47F24B80135003D8E7B /* Unloadable.swift */,
			);
			path = Utils;
			sourceTree = "<group>";
		};
		390A6C3F2461191C00234882 /* Utils */ = {
			isa = PBXGroup;
			children = (
				39E2CC3823AF12A4001FE0BF /* DataMigrator.swift */,
				39BF34C7245FB9D50063AEF1 /* TestMPMediaItem.swift */,
				398666C124514527008AC748 /* TestUtils.swift */,
			);
			path = Utils;
			sourceTree = "<group>";
		};
		390A6C402461195300234882 /* MusicPlayer */ = {
			isa = PBXGroup;
			children = (
				39BF34C9245FBA920063AEF1 /* AllTracksPlaylist.swift */,
				39F1799922DBCD4800D3CDFF /* AudioEngine.c */,
				3906880C22C1D28C00CE5292 /* AudioEngine.h */,
				3973B5EC24BA95DF00883011 /* AudioType.swift */,
				3925EE28248495900020B94C /* LoopScrubber.swift */,
				3924EB8D24908F9E0087DDA6 /* LoopScrubberContainer.swift */,
				39C03A68235BFB34004BD0DA /* MusicData.swift */,
				3979377622ACA6BA00C5DB09 /* MusicPlayer.swift */,
				39C4651D24440AC3002CBBB8 /* MusicSettings.swift */,
				39A8D8FB246262FD00652E70 /* MusicSettingsCodable.swift */,
				3979377822ACAA9A00C5DB09 /* MusicTrack.swift */,
				398666BF24514366008AC748 /* ShuffleSetting.swift */,
			);
			path = MusicPlayer;
			sourceTree = "<group>";
		};
		390BDA9222AA0CE600E01411 = {
			isa = PBXGroup;
			children = (
				390BDA9D22AA0CE600E01411 /* LoopMusic */,
				390BDAB522AA0CE700E01411 /* LoopMusicTests */,
				390BDAC022AA0CE700E01411 /* LoopMusicUITests */,
				390BDA9C22AA0CE600E01411 /* Products */,
			);
			sourceTree = "<group>";
		};
		390BDA9C22AA0CE600E01411 /* Products */ = {
			isa = PBXGroup;
			children = (
				390BDA9B22AA0CE600E01411 /* LoopMusic.app */,
				390BDAB222AA0CE700E01411 /* LoopMusicTests.xctest */,
				390BDABD22AA0CE700E01411 /* LoopMusicUITests.xctest */,
			);
			name = Products;
			sourceTree = "<group>";
		};
		390BDA9D22AA0CE600E01411 /* LoopMusic */ = {
			isa = PBXGroup;
			children = (
				390BDAA822AA0CE700E01411 /* Assets.xcassets */,
				92252D1324C025F80033A854 /* Fonts */,
				390BDAAD22AA0CE700E01411 /* Info.plist */,
				390BDAA522AA0CE600E01411 /* LoopMusic.xcdatamodeld */,
				391F734422AA0E5A00FAC111 /* Source */,
				391F734522AA0E6F00FAC111 /* Views */,
			);
			path = LoopMusic;
			sourceTree = "<group>";
		};
		390BDAB522AA0CE700E01411 /* LoopMusicTests */ = {
			isa = PBXGroup;
			children = (
				390A6C3F2461191C00234882 /* Utils */,
				390BDAB822AA0CE700E01411 /* Info.plist */,
				39D198E22376669B00680EE3 /* MusicDataTests.swift */,
				398666BD24514030008AC748 /* MusicSettingsTests.swift */,
			);
			path = LoopMusicTests;
			sourceTree = "<group>";
		};
		390BDAC022AA0CE700E01411 /* LoopMusicUITests */ = {
			isa = PBXGroup;
			children = (
				390BDAC322AA0CE700E01411 /* Info.plist */,
				390BDAC122AA0CE700E01411 /* LoopMusicUITests.swift */,
			);
			path = LoopMusicUITests;
			sourceTree = "<group>";
		};
		391F734422AA0E5A00FAC111 /* Source */ = {
			isa = PBXGroup;
			children = (
				390BDA9E22AA0CE600E01411 /* AppDelegate.swift */,
				3906880922C1D27400CE5292 /* LoopMusic-Bridging-Header.h */,
				3973B5CD24BA3C6B00883011 /* LoopFinder */,
				390A6C402461195300234882 /* MusicPlayer */,
				390A6C3E2461190800234882 /* Utils */,
				390A6C3D246118EE00234882 /* ViewControllers */,
			);
			path = Source;
			sourceTree = "<group>";
		};
		391F734522AA0E6F00FAC111 /* Views */ = {
			isa = PBXGroup;
			children = (
				390BDAAA22AA0CE700E01411 /* LaunchScreen.storyboard */,
				390BDAA222AA0CE600E01411 /* Main.storyboard */,
			);
			path = Views;
			sourceTree = "<group>";
		};
		395D897E24738ABC00B9FD1C /* Settings */ = {
			isa = PBXGroup;
			children = (
				395D897F24738ADE00B9FD1C /* SettingViews */,
				39B098D22468F64600526910 /* BaseSettingsSectionViewController.swift */,
				39B098D02468F54000526910 /* GeneralSettingsViewController.swift */,
				39A6B5AD248353F0001A2B0B /* LoopFinderInitialEstimateSettingsViewController.swift */,
				39A6B5AF2483541E001A2B0B /* LoopFinderInternalSettingsViewController.swift */,
				39A6B5B324835452001A2B0B /* LoopFinderOutputSettingsViewController.swift */,
				39A6B5B12483543B001A2B0B /* LoopFinderPerformanceSettingsViewController.swift */,
				39DCDA3F2480B9880049353D /* LoopFinderSettingsViewController.swift */,
				3972084E249F02DF001494C7 /* LoopFinderTestingViewController.swift */,
				39DCDA432480BE050049353D /* RepeatsShuffleSettingsViewController.swift */,
				39B098CE2468F4F800526910 /* SettingsHomeViewController.swift */,
				39C4C89A246CF43900994D1C /* ShuffleSettingsViewController.swift */,
				39DCDA412480BBBE0049353D /* TimeShuffleSettingsViewController.swift */,
				394269C5249B1B25001C4B8F /* TrackSettingsViewController.swift */,
			);
			path = Settings;
			sourceTree = "<group>";
		};
		395D897F24738ADE00B9FD1C /* SettingViews */ = {
			isa = PBXGroup;
			children = (
				39812B702478D07A002AFBCA /* BaseSettingView.swift */,
				395D897A24738A7100B9FD1C /* BaseSettingViewGeneric.swift */,
				39812B742478D5BF002AFBCA /* BooleanSettingView.swift */,
				395D897C24738AAA00B9FD1C /* DoubleSliderSettingView.swift */,
				39EB89B5247A25D8002E0901 /* DoubleTextFieldOptionalSettingView.swift */,
				3973B5F324BAB00F00883011 /* DoubleTextFieldSettingView.swift */,
				92561C1024BFC5B200AA807E /* IntOptionalSettingView.swift */,
				3973B5F124BAABF300883011 /* IntSettingView.swift */,
				926A2CAB24BFD0A90069D2BC /* NonnegativeIntOptionalSettingView.swift */,
				39812B722478D1F3002AFBCA /* ShuffleSettingView.swift */,
			);
			path = SettingViews;
			sourceTree = "<group>";
		};
		3973B5CD24BA3C6B00883011 /* LoopFinder */ = {
			isa = PBXGroup;
			children = (
				3973B5CE24BA3C8200883011 /* LoopDuration.swift */,
				3973B5D224BA3F4B00883011 /* LoopEndpoints.swift */,
				3973B5D424BA5FAF00883011 /* LoopFinder.swift */,
				3973B5DA24BA91FA00883011 /* LoopFinderAuto.h */,
				3973B5DF24BA91FB00883011 /* LoopFinderAuto.m */,
				3973B5E124BA91FB00883011 /* LoopFinderAuto+analysis.h */,
				3973B5DD24BA91FB00883011 /* LoopFinderAuto+analysis.m */,
				3973B5D724BA91FA00883011 /* LoopFinderAuto+differencing.h */,
				3973B5D624BA91FA00883011 /* LoopFinderAuto+differencing.m */,
				3973B5D924BA91FA00883011 /* LoopFinderAuto+fadeDetection.h */,
				3973B5DB24BA91FA00883011 /* LoopFinderAuto+fadeDetection.m */,
				3973B5DE24BA91FB00883011 /* LoopFinderAuto+spectra.h */,
				3973B5E024BA91FB00883011 /* LoopFinderAuto+spectra.m */,
				3973B5D824BA91FA00883011 /* LoopFinderAuto+synthesis.h */,
				3973B5DC24BA91FA00883011 /* LoopFinderAuto+synthesis.m */,
			);
			path = LoopFinder;
			sourceTree = "<group>";
		};
		39CE78B924B96F7F004130BC /* LoopFinder */ = {
			isa = PBXGroup;
			children = (
				390D732E24BA2D8600F05BE8 /* BaseLoopFinderContainerViewController.swift */,
				39CE78BA24B96FE1004130BC /* LoopDurationViewController.swift */,
				39CE78BC24B97017004130BC /* LoopEndpointsViewController.swift */,
				3977EA8924BB96BF0035FF0E /* LoopFinderOuterViewController.swift */,
				39201CC4249335180079F314 /* LoopFinderViewController.swift */,
			);
			path = LoopFinder;
			sourceTree = "<group>";
		};
		92252D1324C025F80033A854 /* Fonts */ = {
			isa = PBXGroup;
			children = (
				92252D1424C025F80033A854 /* fa-solid-900.ttf */,
			);
			path = Fonts;
			sourceTree = "<group>";
		};
		926988D324C2238D00E4816C /* UIElements */ = {
			isa = PBXGroup;
			children = (
				926988D424C223D300E4816C /* ColorBackedButton.swift */,
				926988D624C248CB00E4816C /* UIButtonBottomFix.swift */,
			);
			path = UIElements;
			sourceTree = "<group>";
		};
/* End PBXGroup section */

/* Begin PBXNativeTarget section */
		390BDA9A22AA0CE600E01411 /* LoopMusic */ = {
			isa = PBXNativeTarget;
			buildConfigurationList = 390BDAC622AA0CE700E01411 /* Build configuration list for PBXNativeTarget "LoopMusic" */;
			buildPhases = (
				390BDA9722AA0CE600E01411 /* Sources */,
				390BDA9822AA0CE600E01411 /* Frameworks */,
				390BDA9922AA0CE600E01411 /* Resources */,
			);
			buildRules = (
			);
			dependencies = (
			);
			name = LoopMusic;
			productName = LoopMusic;
			productReference = 390BDA9B22AA0CE600E01411 /* LoopMusic.app */;
			productType = "com.apple.product-type.application";
		};
		390BDAB122AA0CE700E01411 /* LoopMusicTests */ = {
			isa = PBXNativeTarget;
			buildConfigurationList = 390BDAC922AA0CE700E01411 /* Build configuration list for PBXNativeTarget "LoopMusicTests" */;
			buildPhases = (
				390BDAAE22AA0CE700E01411 /* Sources */,
				390BDAAF22AA0CE700E01411 /* Frameworks */,
				390BDAB022AA0CE700E01411 /* Resources */,
			);
			buildRules = (
			);
			dependencies = (
				390BDAB422AA0CE700E01411 /* PBXTargetDependency */,
			);
			name = LoopMusicTests;
			productName = LoopMusicTests;
			productReference = 390BDAB222AA0CE700E01411 /* LoopMusicTests.xctest */;
			productType = "com.apple.product-type.bundle.unit-test";
		};
		390BDABC22AA0CE700E01411 /* LoopMusicUITests */ = {
			isa = PBXNativeTarget;
			buildConfigurationList = 390BDACC22AA0CE700E01411 /* Build configuration list for PBXNativeTarget "LoopMusicUITests" */;
			buildPhases = (
				390BDAB922AA0CE700E01411 /* Sources */,
				390BDABA22AA0CE700E01411 /* Frameworks */,
				390BDABB22AA0CE700E01411 /* Resources */,
			);
			buildRules = (
			);
			dependencies = (
				390BDABF22AA0CE700E01411 /* PBXTargetDependency */,
			);
			name = LoopMusicUITests;
			productName = LoopMusicUITests;
			productReference = 390BDABD22AA0CE700E01411 /* LoopMusicUITests.xctest */;
			productType = "com.apple.product-type.bundle.ui-testing";
		};
/* End PBXNativeTarget section */

/* Begin PBXProject section */
		390BDA9322AA0CE600E01411 /* Project object */ = {
			isa = PBXProject;
			attributes = {
				LastSwiftUpdateCheck = 1020;
				LastUpgradeCheck = 1020;
				ORGANIZATIONNAME = LoopMusic;
				TargetAttributes = {
					390BDA9A22AA0CE600E01411 = {
						CreatedOnToolsVersion = 10.2.1;
						LastSwiftMigration = 1020;
						SystemCapabilities = {
							com.apple.BackgroundModes = {
								enabled = 1;
							};
						};
					};
					390BDAB122AA0CE700E01411 = {
						CreatedOnToolsVersion = 10.2.1;
						TestTargetID = 390BDA9A22AA0CE600E01411;
					};
					390BDABC22AA0CE700E01411 = {
						CreatedOnToolsVersion = 10.2.1;
						TestTargetID = 390BDA9A22AA0CE600E01411;
					};
				};
			};
			buildConfigurationList = 390BDA9622AA0CE600E01411 /* Build configuration list for PBXProject "LoopMusic" */;
			compatibilityVersion = "Xcode 9.3";
			developmentRegion = en;
			hasScannedForEncodings = 0;
			knownRegions = (
				en,
				Base,
			);
			mainGroup = 390BDA9222AA0CE600E01411;
			productRefGroup = 390BDA9C22AA0CE600E01411 /* Products */;
			projectDirPath = "";
			projectRoot = "";
			targets = (
				390BDA9A22AA0CE600E01411 /* LoopMusic */,
				390BDAB122AA0CE700E01411 /* LoopMusicTests */,
				390BDABC22AA0CE700E01411 /* LoopMusicUITests */,
			);
		};
/* End PBXProject section */

/* Begin PBXResourcesBuildPhase section */
		390BDA9922AA0CE600E01411 /* Resources */ = {
			isa = PBXResourcesBuildPhase;
			buildActionMask = 2147483647;
			files = (
				390BDAAC22AA0CE700E01411 /* LaunchScreen.storyboard in Resources */,
				92252D1524C025F80033A854 /* fa-solid-900.ttf in Resources */,
				390BDAA922AA0CE700E01411 /* Assets.xcassets in Resources */,
				390BDAA422AA0CE600E01411 /* Main.storyboard in Resources */,
			);
			runOnlyForDeploymentPostprocessing = 0;
		};
		390BDAB022AA0CE700E01411 /* Resources */ = {
			isa = PBXResourcesBuildPhase;
			buildActionMask = 2147483647;
			files = (
			);
			runOnlyForDeploymentPostprocessing = 0;
		};
		390BDABB22AA0CE700E01411 /* Resources */ = {
			isa = PBXResourcesBuildPhase;
			buildActionMask = 2147483647;
			files = (
			);
			runOnlyForDeploymentPostprocessing = 0;
		};
/* End PBXResourcesBuildPhase section */

/* Begin PBXSourcesBuildPhase section */
		390BDA9722AA0CE600E01411 /* Sources */ = {
			isa = PBXSourcesBuildPhase;
			buildActionMask = 2147483647;
			files = (
				39A6B5AE248353F0001A2B0B /* LoopFinderInitialEstimateSettingsViewController.swift in Sources */,
				39BF34CA245FBA920063AEF1 /* AllTracksPlaylist.swift in Sources */,
				3973B5E324BA91FB00883011 /* LoopFinderAuto+fadeDetection.m in Sources */,
				39A6B5B424835452001A2B0B /* LoopFinderOutputSettingsViewController.swift in Sources */,
				3973B5F624BAB04100883011 /* NumberUtils.swift in Sources */,
				926988D524C223D300E4816C /* ColorBackedButton.swift in Sources */,
				3973B5CF24BA3C8200883011 /* LoopDuration.swift in Sources */,
				39B098CB2468DD6600526910 /* BaseListViewController.swift in Sources */,
				39201CC5249335180079F314 /* LoopFinderViewController.swift in Sources */,
				393F1B502455283A005E1583 /* TrackListViewController.swift in Sources */,
				39C4651E24440AC3002CBBB8 /* MusicSettings.swift in Sources */,
				3973B5E724BA91FB00883011 /* LoopFinderAuto+spectra.m in Sources */,
				395D897B24738A7100B9FD1C /* BaseSettingViewGeneric.swift in Sources */,
				3973B5E524BA91FB00883011 /* LoopFinderAuto+analysis.m in Sources */,
				3973B5F424BAB00F00883011 /* DoubleTextFieldSettingView.swift in Sources */,
				3977EA8A24BB96BF0035FF0E /* LoopFinderOuterViewController.swift in Sources */,
				39F1799A22DBCD4800D3CDFF /* AudioEngine.c in Sources */,
				926A2CAC24BFD0A90069D2BC /* NonnegativeIntOptionalSettingView.swift in Sources */,
				9252279C24C419DC00E25C15 /* FontUtils.swift in Sources */,
				39A8D8FE24626DC600652E70 /* AlertUtils.swift in Sources */,
				39191C2E22E6BCDB00C09D67 /* MessageError.swift in Sources */,
				3979377922ACAA9A00C5DB09 /* MusicTrack.swift in Sources */,
				39B098D12468F54000526910 /* GeneralSettingsViewController.swift in Sources */,
				39812B712478D07A002AFBCA /* BaseSettingView.swift in Sources */,
				92561C1124BFC5B200AA807E /* IntOptionalSettingView.swift in Sources */,
				39B098CF2468F4F800526910 /* SettingsHomeViewController.swift in Sources */,
				39812B752478D5BF002AFBCA /* BooleanSettingView.swift in Sources */,
				39EB89B6247A25D8002E0901 /* DoubleTextFieldOptionalSettingView.swift in Sources */,
				39DCDA422480BBBE0049353D /* TimeShuffleSettingsViewController.swift in Sources */,
				39B5B31F23B97A1C0091D2E1 /* Notifications.swift in Sources */,
				39CE78BD24B97017004130BC /* LoopEndpointsViewController.swift in Sources */,
				39A8D8FC246262FD00652E70 /* MusicSettingsCodable.swift in Sources */,
				39DFF48024B80135003D8E7B /* Unloadable.swift in Sources */,
				395D897D24738AAA00B9FD1C /* DoubleSliderSettingView.swift in Sources */,
				3972084F249F02DF001494C7 /* LoopFinderTestingViewController.swift in Sources */,
				3925EE29248495900020B94C /* LoopScrubber.swift in Sources */,
				390BDAA122AA0CE600E01411 /* MusicPlayerViewController.swift in Sources */,
				390BDAA722AA0CE600E01411 /* LoopMusic.xcdatamodeld in Sources */,
				39B098D32468F64600526910 /* BaseSettingsSectionViewController.swift in Sources */,
				3973B5E424BA91FB00883011 /* LoopFinderAuto+synthesis.m in Sources */,
				39EC8AE2245A6E0F00D5240D /* PlaylistListViewController.swift in Sources */,
				39DCDA442480BE050049353D /* RepeatsShuffleSettingsViewController.swift in Sources */,
				394269C6249B1B25001C4B8F /* TrackSettingsViewController.swift in Sources */,
				398666C024514367008AC748 /* ShuffleSetting.swift in Sources */,
				3973B5ED24BA95DF00883011 /* AudioType.swift in Sources */,
				390D732F24BA2D8600F05BE8 /* BaseLoopFinderContainerViewController.swift in Sources */,
				39A6B5B22483543B001A2B0B /* LoopFinderPerformanceSettingsViewController.swift in Sources */,
				390A6C3C246118D300234882 /* FileUtils.swift in Sources */,
				3973B5E224BA91FB00883011 /* LoopFinderAuto+differencing.m in Sources */,
				39A6B5B02483541E001A2B0B /* LoopFinderInternalSettingsViewController.swift in Sources */,
				92A0B04324C687590017FFEF /* AudioUtils.c in Sources */,
				3973B5F224BAABF300883011 /* IntSettingView.swift in Sources */,
				3973B5E624BA91FB00883011 /* LoopFinderAuto.m in Sources */,
				39C03A69235BFB34004BD0DA /* MusicData.swift in Sources */,
				3928C38724553D560007A4FE /* MediaPlayerUtils.swift in Sources */,
				3979377722ACA6BA00C5DB09 /* MusicPlayer.swift in Sources */,
				390BDA9F22AA0CE600E01411 /* AppDelegate.swift in Sources */,
				3924EB8E24908F9E0087DDA6 /* LoopScrubberContainer.swift in Sources */,
				39DCDA402480B9880049353D /* LoopFinderSettingsViewController.swift in Sources */,
				39812B732478D1F3002AFBCA /* ShuffleSettingView.swift in Sources */,
				39C4C89B246CF43900994D1C /* ShuffleSettingsViewController.swift in Sources */,
				3973B5D524BA5FAF00883011 /* LoopFinder.swift in Sources */,
				926988D724C248CB00E4816C /* UIButtonBottomFix.swift in Sources */,
				39CE78BB24B96FE1004130BC /* LoopDurationViewController.swift in Sources */,
				3973B5D324BA3F4B00883011 /* LoopEndpoints.swift in Sources */,
			);
			runOnlyForDeploymentPostprocessing = 0;
		};
		390BDAAE22AA0CE700E01411 /* Sources */ = {
			isa = PBXSourcesBuildPhase;
			buildActionMask = 2147483647;
			files = (
				398666BE24514030008AC748 /* MusicSettingsTests.swift in Sources */,
				39E2CC3923AF12A4001FE0BF /* DataMigrator.swift in Sources */,
				398666C224514527008AC748 /* TestUtils.swift in Sources */,
				39BF34C8245FB9D50063AEF1 /* TestMPMediaItem.swift in Sources */,
				39D198E32376669B00680EE3 /* MusicDataTests.swift in Sources */,
			);
			runOnlyForDeploymentPostprocessing = 0;
		};
		390BDAB922AA0CE700E01411 /* Sources */ = {
			isa = PBXSourcesBuildPhase;
			buildActionMask = 2147483647;
			files = (
				390BDAC222AA0CE700E01411 /* LoopMusicUITests.swift in Sources */,
			);
			runOnlyForDeploymentPostprocessing = 0;
		};
/* End PBXSourcesBuildPhase section */

/* Begin PBXTargetDependency section */
		390BDAB422AA0CE700E01411 /* PBXTargetDependency */ = {
			isa = PBXTargetDependency;
			target = 390BDA9A22AA0CE600E01411 /* LoopMusic */;
			targetProxy = 390BDAB322AA0CE700E01411 /* PBXContainerItemProxy */;
		};
		390BDABF22AA0CE700E01411 /* PBXTargetDependency */ = {
			isa = PBXTargetDependency;
			target = 390BDA9A22AA0CE600E01411 /* LoopMusic */;
			targetProxy = 390BDABE22AA0CE700E01411 /* PBXContainerItemProxy */;
		};
/* End PBXTargetDependency section */

/* Begin PBXVariantGroup section */
		390BDAA222AA0CE600E01411 /* Main.storyboard */ = {
			isa = PBXVariantGroup;
			children = (
				390BDAA322AA0CE600E01411 /* Base */,
			);
			name = Main.storyboard;
			sourceTree = "<group>";
		};
		390BDAAA22AA0CE700E01411 /* LaunchScreen.storyboard */ = {
			isa = PBXVariantGroup;
			children = (
				390BDAAB22AA0CE700E01411 /* Base */,
			);
			name = LaunchScreen.storyboard;
			sourceTree = "<group>";
		};
/* End PBXVariantGroup section */

/* Begin XCBuildConfiguration section */
		390BDAC422AA0CE700E01411 /* Debug */ = {
			isa = XCBuildConfiguration;
			buildSettings = {
				ALWAYS_SEARCH_USER_PATHS = NO;
				CLANG_ANALYZER_NONNULL = YES;
				CLANG_ANALYZER_NUMBER_OBJECT_CONVERSION = YES_AGGRESSIVE;
				CLANG_CXX_LANGUAGE_STANDARD = "gnu++14";
				CLANG_CXX_LIBRARY = "libc++";
				CLANG_ENABLE_MODULES = YES;
				CLANG_ENABLE_OBJC_ARC = YES;
				CLANG_ENABLE_OBJC_WEAK = YES;
				CLANG_WARN_BLOCK_CAPTURE_AUTORELEASING = YES;
				CLANG_WARN_BOOL_CONVERSION = YES;
				CLANG_WARN_COMMA = YES;
				CLANG_WARN_CONSTANT_CONVERSION = YES;
				CLANG_WARN_DEPRECATED_OBJC_IMPLEMENTATIONS = YES;
				CLANG_WARN_DIRECT_OBJC_ISA_USAGE = YES_ERROR;
				CLANG_WARN_DOCUMENTATION_COMMENTS = YES;
				CLANG_WARN_EMPTY_BODY = YES;
				CLANG_WARN_ENUM_CONVERSION = YES;
				CLANG_WARN_INFINITE_RECURSION = YES;
				CLANG_WARN_INT_CONVERSION = YES;
				CLANG_WARN_NON_LITERAL_NULL_CONVERSION = YES;
				CLANG_WARN_OBJC_IMPLICIT_RETAIN_SELF = YES;
				CLANG_WARN_OBJC_LITERAL_CONVERSION = YES;
				CLANG_WARN_OBJC_ROOT_CLASS = YES_ERROR;
				CLANG_WARN_RANGE_LOOP_ANALYSIS = YES;
				CLANG_WARN_STRICT_PROTOTYPES = YES;
				CLANG_WARN_SUSPICIOUS_MOVE = YES;
				CLANG_WARN_UNGUARDED_AVAILABILITY = YES_AGGRESSIVE;
				CLANG_WARN_UNREACHABLE_CODE = YES;
				CLANG_WARN__DUPLICATE_METHOD_MATCH = YES;
				CODE_SIGN_IDENTITY = "iPhone Developer";
				COPY_PHASE_STRIP = NO;
				DEBUG_INFORMATION_FORMAT = dwarf;
				ENABLE_STRICT_OBJC_MSGSEND = YES;
				ENABLE_TESTABILITY = YES;
				GCC_C_LANGUAGE_STANDARD = gnu11;
				GCC_DYNAMIC_NO_PIC = NO;
				GCC_NO_COMMON_BLOCKS = YES;
				GCC_OPTIMIZATION_LEVEL = 0;
				GCC_PREPROCESSOR_DEFINITIONS = (
					"DEBUG=1",
					"$(inherited)",
				);
				GCC_WARN_64_TO_32_BIT_CONVERSION = YES;
				GCC_WARN_ABOUT_RETURN_TYPE = YES_ERROR;
				GCC_WARN_UNDECLARED_SELECTOR = YES;
				GCC_WARN_UNINITIALIZED_AUTOS = YES_AGGRESSIVE;
				GCC_WARN_UNUSED_FUNCTION = YES;
				GCC_WARN_UNUSED_VARIABLE = YES;
				IPHONEOS_DEPLOYMENT_TARGET = 12.2;
				MTL_ENABLE_DEBUG_INFO = INCLUDE_SOURCE;
				MTL_FAST_MATH = YES;
				ONLY_ACTIVE_ARCH = YES;
				SDKROOT = iphoneos;
				SWIFT_ACTIVE_COMPILATION_CONDITIONS = DEBUG;
				SWIFT_OPTIMIZATION_LEVEL = "-Onone";
			};
			name = Debug;
		};
		390BDAC522AA0CE700E01411 /* Release */ = {
			isa = XCBuildConfiguration;
			buildSettings = {
				ALWAYS_SEARCH_USER_PATHS = NO;
				CLANG_ANALYZER_NONNULL = YES;
				CLANG_ANALYZER_NUMBER_OBJECT_CONVERSION = YES_AGGRESSIVE;
				CLANG_CXX_LANGUAGE_STANDARD = "gnu++14";
				CLANG_CXX_LIBRARY = "libc++";
				CLANG_ENABLE_MODULES = YES;
				CLANG_ENABLE_OBJC_ARC = YES;
				CLANG_ENABLE_OBJC_WEAK = YES;
				CLANG_WARN_BLOCK_CAPTURE_AUTORELEASING = YES;
				CLANG_WARN_BOOL_CONVERSION = YES;
				CLANG_WARN_COMMA = YES;
				CLANG_WARN_CONSTANT_CONVERSION = YES;
				CLANG_WARN_DEPRECATED_OBJC_IMPLEMENTATIONS = YES;
				CLANG_WARN_DIRECT_OBJC_ISA_USAGE = YES_ERROR;
				CLANG_WARN_DOCUMENTATION_COMMENTS = YES;
				CLANG_WARN_EMPTY_BODY = YES;
				CLANG_WARN_ENUM_CONVERSION = YES;
				CLANG_WARN_INFINITE_RECURSION = YES;
				CLANG_WARN_INT_CONVERSION = YES;
				CLANG_WARN_NON_LITERAL_NULL_CONVERSION = YES;
				CLANG_WARN_OBJC_IMPLICIT_RETAIN_SELF = YES;
				CLANG_WARN_OBJC_LITERAL_CONVERSION = YES;
				CLANG_WARN_OBJC_ROOT_CLASS = YES_ERROR;
				CLANG_WARN_RANGE_LOOP_ANALYSIS = YES;
				CLANG_WARN_STRICT_PROTOTYPES = YES;
				CLANG_WARN_SUSPICIOUS_MOVE = YES;
				CLANG_WARN_UNGUARDED_AVAILABILITY = YES_AGGRESSIVE;
				CLANG_WARN_UNREACHABLE_CODE = YES;
				CLANG_WARN__DUPLICATE_METHOD_MATCH = YES;
				CODE_SIGN_IDENTITY = "iPhone Developer";
				COPY_PHASE_STRIP = NO;
				DEBUG_INFORMATION_FORMAT = "dwarf-with-dsym";
				ENABLE_NS_ASSERTIONS = NO;
				ENABLE_STRICT_OBJC_MSGSEND = YES;
				GCC_C_LANGUAGE_STANDARD = gnu11;
				GCC_NO_COMMON_BLOCKS = YES;
				GCC_WARN_64_TO_32_BIT_CONVERSION = YES;
				GCC_WARN_ABOUT_RETURN_TYPE = YES_ERROR;
				GCC_WARN_UNDECLARED_SELECTOR = YES;
				GCC_WARN_UNINITIALIZED_AUTOS = YES_AGGRESSIVE;
				GCC_WARN_UNUSED_FUNCTION = YES;
				GCC_WARN_UNUSED_VARIABLE = YES;
				IPHONEOS_DEPLOYMENT_TARGET = 12.2;
				MTL_ENABLE_DEBUG_INFO = NO;
				MTL_FAST_MATH = YES;
				SDKROOT = iphoneos;
				SWIFT_COMPILATION_MODE = wholemodule;
				SWIFT_OPTIMIZATION_LEVEL = "-O";
				VALIDATE_PRODUCT = YES;
			};
			name = Release;
		};
		390BDAC722AA0CE700E01411 /* Debug */ = {
			isa = XCBuildConfiguration;
			buildSettings = {
				ASSETCATALOG_COMPILER_APPICON_NAME = AppIcon;
				CLANG_ENABLE_MODULES = YES;
				CODE_SIGN_STYLE = Automatic;
				DEVELOPMENT_TEAM = CTR8N8VQUB;
				INFOPLIST_FILE = LoopMusic/Info.plist;
				LD_RUNPATH_SEARCH_PATHS = (
					"$(inherited)",
					"@executable_path/Frameworks",
				);
				PRODUCT_BUNDLE_IDENTIFIER = LoopMusic.LoopMusicSwift;
				PRODUCT_NAME = "$(TARGET_NAME)";
				SWIFT_OBJC_BRIDGING_HEADER = "LoopMusic/Source/LoopMusic-Bridging-Header.h";
				SWIFT_OPTIMIZATION_LEVEL = "-Onone";
				SWIFT_VERSION = 5.0;
				TARGETED_DEVICE_FAMILY = "1,2";
			};
			name = Debug;
		};
		390BDAC822AA0CE700E01411 /* Release */ = {
			isa = XCBuildConfiguration;
			buildSettings = {
				ASSETCATALOG_COMPILER_APPICON_NAME = AppIcon;
				CLANG_ENABLE_MODULES = YES;
				CODE_SIGN_STYLE = Automatic;
				DEVELOPMENT_TEAM = CTR8N8VQUB;
				INFOPLIST_FILE = LoopMusic/Info.plist;
				LD_RUNPATH_SEARCH_PATHS = (
					"$(inherited)",
					"@executable_path/Frameworks",
				);
				PRODUCT_BUNDLE_IDENTIFIER = LoopMusic.LoopMusicSwift;
				PRODUCT_NAME = "$(TARGET_NAME)";
				SWIFT_OBJC_BRIDGING_HEADER = "LoopMusic/Source/LoopMusic-Bridging-Header.h";
				SWIFT_VERSION = 5.0;
				TARGETED_DEVICE_FAMILY = "1,2";
			};
			name = Release;
		};
		390BDACA22AA0CE700E01411 /* Debug */ = {
			isa = XCBuildConfiguration;
			buildSettings = {
				ALWAYS_EMBED_SWIFT_STANDARD_LIBRARIES = YES;
				BUNDLE_LOADER = "$(TEST_HOST)";
				CODE_SIGN_STYLE = Automatic;
				DEVELOPMENT_TEAM = CTR8N8VQUB;
				INFOPLIST_FILE = LoopMusicTests/Info.plist;
				LD_RUNPATH_SEARCH_PATHS = (
					"$(inherited)",
					"@executable_path/Frameworks",
					"@loader_path/Frameworks",
				);
				PRODUCT_BUNDLE_IDENTIFIER = LoopMusic.LoopMusicTests;
				PRODUCT_NAME = "$(TARGET_NAME)";
				SWIFT_VERSION = 5.0;
				TARGETED_DEVICE_FAMILY = "1,2";
				TEST_HOST = "$(BUILT_PRODUCTS_DIR)/LoopMusic.app/LoopMusic";
			};
			name = Debug;
		};
		390BDACB22AA0CE700E01411 /* Release */ = {
			isa = XCBuildConfiguration;
			buildSettings = {
				ALWAYS_EMBED_SWIFT_STANDARD_LIBRARIES = YES;
				BUNDLE_LOADER = "$(TEST_HOST)";
				CODE_SIGN_STYLE = Automatic;
				DEVELOPMENT_TEAM = CTR8N8VQUB;
				INFOPLIST_FILE = LoopMusicTests/Info.plist;
				LD_RUNPATH_SEARCH_PATHS = (
					"$(inherited)",
					"@executable_path/Frameworks",
					"@loader_path/Frameworks",
				);
				PRODUCT_BUNDLE_IDENTIFIER = LoopMusic.LoopMusicTests;
				PRODUCT_NAME = "$(TARGET_NAME)";
				SWIFT_VERSION = 5.0;
				TARGETED_DEVICE_FAMILY = "1,2";
				TEST_HOST = "$(BUILT_PRODUCTS_DIR)/LoopMusic.app/LoopMusic";
			};
			name = Release;
		};
		390BDACD22AA0CE700E01411 /* Debug */ = {
			isa = XCBuildConfiguration;
			buildSettings = {
				ALWAYS_EMBED_SWIFT_STANDARD_LIBRARIES = YES;
				CODE_SIGN_STYLE = Automatic;
				DEVELOPMENT_TEAM = CTR8N8VQUB;
				INFOPLIST_FILE = LoopMusicUITests/Info.plist;
				LD_RUNPATH_SEARCH_PATHS = (
					"$(inherited)",
					"@executable_path/Frameworks",
					"@loader_path/Frameworks",
				);
				PRODUCT_BUNDLE_IDENTIFIER = LoopMusic.LoopMusicUITests;
				PRODUCT_NAME = "$(TARGET_NAME)";
				SWIFT_VERSION = 5.0;
				TARGETED_DEVICE_FAMILY = "1,2";
				TEST_TARGET_NAME = LoopMusic;
			};
			name = Debug;
		};
		390BDACE22AA0CE700E01411 /* Release */ = {
			isa = XCBuildConfiguration;
			buildSettings = {
				ALWAYS_EMBED_SWIFT_STANDARD_LIBRARIES = YES;
				CODE_SIGN_STYLE = Automatic;
				DEVELOPMENT_TEAM = CTR8N8VQUB;
				INFOPLIST_FILE = LoopMusicUITests/Info.plist;
				LD_RUNPATH_SEARCH_PATHS = (
					"$(inherited)",
					"@executable_path/Frameworks",
					"@loader_path/Frameworks",
				);
				PRODUCT_BUNDLE_IDENTIFIER = LoopMusic.LoopMusicUITests;
				PRODUCT_NAME = "$(TARGET_NAME)";
				SWIFT_VERSION = 5.0;
				TARGETED_DEVICE_FAMILY = "1,2";
				TEST_TARGET_NAME = LoopMusic;
			};
			name = Release;
		};
/* End XCBuildConfiguration section */

/* Begin XCConfigurationList section */
		390BDA9622AA0CE600E01411 /* Build configuration list for PBXProject "LoopMusic" */ = {
			isa = XCConfigurationList;
			buildConfigurations = (
				390BDAC422AA0CE700E01411 /* Debug */,
				390BDAC522AA0CE700E01411 /* Release */,
			);
			defaultConfigurationIsVisible = 0;
			defaultConfigurationName = Release;
		};
		390BDAC622AA0CE700E01411 /* Build configuration list for PBXNativeTarget "LoopMusic" */ = {
			isa = XCConfigurationList;
			buildConfigurations = (
				390BDAC722AA0CE700E01411 /* Debug */,
				390BDAC822AA0CE700E01411 /* Release */,
			);
			defaultConfigurationIsVisible = 0;
			defaultConfigurationName = Release;
		};
		390BDAC922AA0CE700E01411 /* Build configuration list for PBXNativeTarget "LoopMusicTests" */ = {
			isa = XCConfigurationList;
			buildConfigurations = (
				390BDACA22AA0CE700E01411 /* Debug */,
				390BDACB22AA0CE700E01411 /* Release */,
			);
			defaultConfigurationIsVisible = 0;
			defaultConfigurationName = Release;
		};
		390BDACC22AA0CE700E01411 /* Build configuration list for PBXNativeTarget "LoopMusicUITests" */ = {
			isa = XCConfigurationList;
			buildConfigurations = (
				390BDACD22AA0CE700E01411 /* Debug */,
				390BDACE22AA0CE700E01411 /* Release */,
			);
			defaultConfigurationIsVisible = 0;
			defaultConfigurationName = Release;
		};
/* End XCConfigurationList section */

/* Begin XCVersionGroup section */
		390BDAA522AA0CE600E01411 /* LoopMusic.xcdatamodeld */ = {
			isa = XCVersionGroup;
			children = (
				390BDAA622AA0CE600E01411 /* LoopMusic.xcdatamodel */,
			);
			currentVersion = 390BDAA622AA0CE600E01411 /* LoopMusic.xcdatamodel */;
			path = LoopMusic.xcdatamodeld;
			sourceTree = "<group>";
			versionGroupType = wrapper.xcdatamodel;
		};
/* End XCVersionGroup section */
	};
	rootObject = 390BDA9322AA0CE600E01411 /* Project object */;
}
